# This file is autogenerated, do not edit; changes may be undone by the next 'dep ensure'.


[[projects]]
  name = "github.com/google/uuid"
  packages = ["."]
  revision = "064e2069ce9c359c118179501254f67d7d37ba24"
  version = "0.2"

[[projects]]
  branch = "master"
  name = "github.com/kolo/xmlrpc"
  packages = ["."]
  revision = "0826b98aaa29c0766956cb40d45cf7482a597671"

[[projects]]
  name = "github.com/pkg/errors"
  packages = ["."]
  revision = "645ef00459ed84a119197bfb8d8205042c6df63d"
  version = "v0.8.0"

[[projects]]
  branch = "live_dns"
  name = "github.com/prasmussen/gandi-api"
  packages = ["client","live_dns/domain","live_dns/record"]
  revision = "3f5f84fd855146664502782b59559aab8a108bed"
  source = "github.com/tjamet/gandi-api"

[solve-meta]
  analyzer-name = "dep"
  analyzer-version = 1
  inputs-digest = "b2084dfbe5d0f1ca41b080e62c861b6edf613a35d64107ba2e4ad60311535200"
  solver-name = "gps-cdcl"
  solver-version = 1
